
Microsoft Visual Studio Solution File, Format Version 12.00
# Visual Studio 2013
VisualStudioVersion = 12.0.30501.0
MinimumVisualStudioVersion = 10.0.40219.1
Project("{2150E333-8FDC-42A3-9474-1A3956D46DE8}") = "Process", "Process", "{D2CB223E-9678-4D2A-8E80-34EFB67AC058}"
	ProjectSection(SolutionItems) = preProject
		..\..\..\Cactus\Cactus Process.txt = ..\..\..\Cactus\Cactus Process.txt
		Idea.txt = Idea.txt
		Learn.txt = Learn.txt
	EndProjectSection
EndProject
Project("{2150E333-8FDC-42A3-9474-1A3956D46DE8}") = "Learning Projects", "Learning Projects", "{49AE5C07-1FB3-4DEE-AC51-C9F6040366DE}"
EndProject
Project("{2150E333-8FDC-42A3-9474-1A3956D46DE8}") = "Prototypes", "Prototypes", "{440723DD-CC91-472B-99A4-F89E761CB64A}"
EndProject
Project("{FAE04EC0-301F-11D3-BF4B-00C04F79EFBC}") = "SandTcpServer", "SandTcpServer\SandTcpServer.csproj", "{AFB0A7E3-F00B-4032-8A61-A65032D70F26}"
EndProject
Project("{FAE04EC0-301F-11D3-BF4B-00C04F79EFBC}") = "SandTcpServerTest", "SandTcpServerTest\SandTcpServerTest.csproj", "{C98ACAEF-1B71-4B5C-A3FE-7E38A939628C}"
EndProject
Global
	GlobalSection(SolutionConfigurationPlatforms) = preSolution
		Debug|Any CPU = Debug|Any CPU
		Release|Any CPU = Release|Any CPU
	EndGlobalSection
	GlobalSection(ProjectConfigurationPlatforms) = postSolution
		{AFB0A7E3-F00B-4032-8A61-A65032D70F26}.Debug|Any CPU.ActiveCfg = Debug|Any CPU
		{AFB0A7E3-F00B-4032-8A61-A65032D70F26}.Debug|Any CPU.Build.0 = Debug|Any CPU
		{AFB0A7E3-F00B-4032-8A61-A65032D70F26}.Release|Any CPU.ActiveCfg = Release|Any CPU
		{AFB0A7E3-F00B-4032-8A61-A65032D70F26}.Release|Any CPU.Build.0 = Release|Any CPU
		{C98ACAEF-1B71-4B5C-A3FE-7E38A939628C}.Debug|Any CPU.ActiveCfg = Debug|Any CPU
		{C98ACAEF-1B71-4B5C-A3FE-7E38A939628C}.Debug|Any CPU.Build.0 = Debug|Any CPU
		{C98ACAEF-1B71-4B5C-A3FE-7E38A939628C}.Release|Any CPU.ActiveCfg = Release|Any CPU
		{C98ACAEF-1B71-4B5C-A3FE-7E38A939628C}.Release|Any CPU.Build.0 = Release|Any CPU
	EndGlobalSection
	GlobalSection(SolutionProperties) = preSolution
		HideSolutionNode = FALSE
	EndGlobalSection
	GlobalSection(NestedProjects) = preSolution
		{AFB0A7E3-F00B-4032-8A61-A65032D70F26} = {440723DD-CC91-472B-99A4-F89E761CB64A}
		{C98ACAEF-1B71-4B5C-A3FE-7E38A939628C} = {440723DD-CC91-472B-99A4-F89E761CB64A}
	EndGlobalSection
EndGlobal
