
Microsoft Visual Studio Solution File, Format Version 12.00
# Visual Studio 2013
VisualStudioVersion = 12.0.30501.0
MinimumVisualStudioVersion = 10.0.40219.1
Project("{2150E333-8FDC-42A3-9474-1A3956D46DE8}") = "Process", "Process", "{D2CB223E-9678-4D2A-8E80-34EFB67AC058}"
	ProjectSection(SolutionItems) = preProject
		..\..\..\Cactus\Cactus Process.txt = ..\..\..\Cactus\Cactus Process.txt
		PrototypePhase.txt = PrototypePhase.txt
	EndProjectSection
EndProject
Project("{FAE04EC0-301F-11D3-BF4B-00C04F79EFBC}") = "Sand.TcpServer", "Sand.TcpServer\Sand.TcpServer.csproj", "{AFB0A7E3-F00B-4032-8A61-A65032D70F26}"
EndProject
Project("{FAE04EC0-301F-11D3-BF4B-00C04F79EFBC}") = "Sand.Persistence", "Sand.Persistence\Sand.Persistence.csproj", "{D46E5624-9D24-4CB1-8100-6A7E3B538101}"
EndProject
Project("{FAE04EC0-301F-11D3-BF4B-00C04F79EFBC}") = "Sand.Model", "Sand.Model\Sand.Model.csproj", "{71F71375-C94D-4809-AB04-454564FBA944}"
EndProject
Project("{FAE04EC0-301F-11D3-BF4B-00C04F79EFBC}") = "Sand.Ansi", "Sand.Ansi\Sand.Ansi.csproj", "{66450091-084A-43B0-A4F3-F9AFA8D5E3CE}"
EndProject
Global
	GlobalSection(SolutionConfigurationPlatforms) = preSolution
		Debug|Any CPU = Debug|Any CPU
		Release|Any CPU = Release|Any CPU
	EndGlobalSection
	GlobalSection(ProjectConfigurationPlatforms) = postSolution
		{AFB0A7E3-F00B-4032-8A61-A65032D70F26}.Debug|Any CPU.ActiveCfg = Debug|Any CPU
		{AFB0A7E3-F00B-4032-8A61-A65032D70F26}.Debug|Any CPU.Build.0 = Debug|Any CPU
		{AFB0A7E3-F00B-4032-8A61-A65032D70F26}.Release|Any CPU.ActiveCfg = Release|Any CPU
		{AFB0A7E3-F00B-4032-8A61-A65032D70F26}.Release|Any CPU.Build.0 = Release|Any CPU
		{D46E5624-9D24-4CB1-8100-6A7E3B538101}.Debug|Any CPU.ActiveCfg = Debug|Any CPU
		{D46E5624-9D24-4CB1-8100-6A7E3B538101}.Debug|Any CPU.Build.0 = Debug|Any CPU
		{D46E5624-9D24-4CB1-8100-6A7E3B538101}.Release|Any CPU.ActiveCfg = Release|Any CPU
		{D46E5624-9D24-4CB1-8100-6A7E3B538101}.Release|Any CPU.Build.0 = Release|Any CPU
		{71F71375-C94D-4809-AB04-454564FBA944}.Debug|Any CPU.ActiveCfg = Debug|Any CPU
		{71F71375-C94D-4809-AB04-454564FBA944}.Debug|Any CPU.Build.0 = Debug|Any CPU
		{71F71375-C94D-4809-AB04-454564FBA944}.Release|Any CPU.ActiveCfg = Release|Any CPU
		{71F71375-C94D-4809-AB04-454564FBA944}.Release|Any CPU.Build.0 = Release|Any CPU
		{66450091-084A-43B0-A4F3-F9AFA8D5E3CE}.Debug|Any CPU.ActiveCfg = Debug|Any CPU
		{66450091-084A-43B0-A4F3-F9AFA8D5E3CE}.Debug|Any CPU.Build.0 = Debug|Any CPU
		{66450091-084A-43B0-A4F3-F9AFA8D5E3CE}.Release|Any CPU.ActiveCfg = Release|Any CPU
		{66450091-084A-43B0-A4F3-F9AFA8D5E3CE}.Release|Any CPU.Build.0 = Release|Any CPU
	EndGlobalSection
	GlobalSection(SolutionProperties) = preSolution
		HideSolutionNode = FALSE
	EndGlobalSection
EndGlobal
